
Microsoft Visual Studio Solution File, Format Version 12.00
# Visual Studio Version 17
VisualStudioVersion = 17.5.002.0
MinimumVisualStudioVersion = 10.0.40219.1
Project("{9A19103F-16F7-4668-BE54-9A1E7A4F7556}") = "LoxInterpreter", "LoxInterpreter\LoxInterpreter.csproj", "{2EA9E86C-046F-4AE2-B198-21B420ECE9FD}"
EndProject
Project("{FAE04EC0-301F-11D3-BF4B-00C04F79EFBC}") = "CSharp", "CSharp\CSharp.csproj", "{6AF54D4B-22CA-4138-85BF-D7A6708F3535}"
EndProject
Global
	GlobalSection(SolutionConfigurationPlatforms) = preSolution
		Debug|Any CPU = Debug|Any CPU
		Release|Any CPU = Release|Any CPU
	EndGlobalSection
	GlobalSection(ProjectConfigurationPlatforms) = postSolution
		{2EA9E86C-046F-4AE2-B198-21B420ECE9FD}.Debug|Any CPU.ActiveCfg = Debug|Any CPU
		{2EA9E86C-046F-4AE2-B198-21B420ECE9FD}.Debug|Any CPU.Build.0 = Debug|Any CPU
		{2EA9E86C-046F-4AE2-B198-21B420ECE9FD}.Release|Any CPU.ActiveCfg = Release|Any CPU
		{2EA9E86C-046F-4AE2-B198-21B420ECE9FD}.Release|Any CPU.Build.0 = Release|Any CPU
		{6AF54D4B-22CA-4138-85BF-D7A6708F3535}.Debug|Any CPU.ActiveCfg = Debug|Any CPU
		{6AF54D4B-22CA-4138-85BF-D7A6708F3535}.Debug|Any CPU.Build.0 = Debug|Any CPU
		{6AF54D4B-22CA-4138-85BF-D7A6708F3535}.Release|Any CPU.ActiveCfg = Release|Any CPU
		{6AF54D4B-22CA-4138-85BF-D7A6708F3535}.Release|Any CPU.Build.0 = Release|Any CPU
	EndGlobalSection
	GlobalSection(SolutionProperties) = preSolution
		HideSolutionNode = FALSE
	EndGlobalSection
	GlobalSection(ExtensibilityGlobals) = postSolution
		SolutionGuid = {0674B4B0-31F4-4584-B0E6-D336533AC205}
	EndGlobalSection
EndGlobal
